// !$*UTF8*$!
{
	archiveVersion = 1;
	classes = {
	};
	objectVersion = 46;
	objects = {

/* Begin PBXBuildFile section */
		5136C3371DE69B7300341DAC /* AppDelegate.swift in Sources */ = {isa = PBXBuildFile; fileRef = 5136C3361DE69B7300341DAC /* AppDelegate.swift */; };
		5136C3391DE69B7300341DAC /* ViewController.swift in Sources */ = {isa = PBXBuildFile; fileRef = 5136C3381DE69B7300341DAC /* ViewController.swift */; };
		5136C33C1DE69B7300341DAC /* Main.storyboard in Resources */ = {isa = PBXBuildFile; fileRef = 5136C33A1DE69B7300341DAC /* Main.storyboard */; };
		5136C33E1DE69B7300341DAC /* Assets.xcassets in Resources */ = {isa = PBXBuildFile; fileRef = 5136C33D1DE69B7300341DAC /* Assets.xcassets */; };
		5136C3411DE69B7300341DAC /* LaunchScreen.storyboard in Resources */ = {isa = PBXBuildFile; fileRef = 5136C33F1DE69B7300341DAC /* LaunchScreen.storyboard */; };
/* End PBXBuildFile section */

/* Begin PBXFileReference section */
		5136C3331DE69B7300341DAC /* LSCompose.app */ = {isa = PBXFileReference; explicitFileType = wrapper.application; includeInIndex = 0; path = LSCompose.app; sourceTree = BUILT_PRODUCTS_DIR; };
		5136C3361DE69B7300341DAC /* AppDelegate.swift */ = {isa = PBXFileReference; lastKnownFileType = sourcecode.swift; path = AppDelegate.swift; sourceTree = "<group>"; };
		5136C3381DE69B7300341DAC /* ViewController.swift */ = {isa = PBXFileReference; lastKnownFileType = sourcecode.swift; path = ViewController.swift; sourceTree = "<group>"; };
		5136C33B1DE69B7300341DAC /* Base */ = {isa = PBXFileReference; lastKnownFileType = file.storyboard; name = Base; path = Base.lproj/Main.storyboard; sourceTree = "<group>"; };
		5136C33D1DE69B7300341DAC /* Assets.xcassets */ = {isa = PBXFileReference; lastKnownFileType = folder.assetcatalog; path = Assets.xcassets; sourceTree = "<group>"; };
		5136C3401DE69B7300341DAC /* Base */ = {isa = PBXFileReference; lastKnownFileType = file.storyboard; name = Base; path = Base.lproj/LaunchScreen.storyboard; sourceTree = "<group>"; };
		5136C3421DE69B7300341DAC /* Info.plist */ = {isa = PBXFileReference; lastKnownFileType = text.plist.xml; path = Info.plist; sourceTree = "<group>"; };
/* End PBXFileReference section */

/* Begin PBXFrameworksBuildPhase section */
		5136C3301DE69B7300341DAC /* Frameworks */ = {
			isa = PBXFrameworksBuildPhase;
			buildActionMask = 2147483647;
			files = (
			);
			runOnlyForDeploymentPostprocessing = 0;
		};
/* End PBXFrameworksBuildPhase section */

/* Begin PBXGroup section */
		5136C32A1DE69B7300341DAC = {
			isa = PBXGroup;
			children = (
				5136C3351DE69B7300341DAC /* LSCompose */,
				5136C3341DE69B7300341DAC /* Products */,
			);
			sourceTree = "<group>";
		};
		5136C3341DE69B7300341DAC /* Products */ = {
			isa = PBXGroup;
			children = (
				5136C3331DE69B7300341DAC /* LSCompose.app */,
			);
			name = Products;
			sourceTree = "<group>";
		};
		5136C3351DE69B7300341DAC /* LSCompose */ = {
			isa = PBXGroup;
			children = (
				5136C3361DE69B7300341DAC /* AppDelegate.swift */,
				5136C3381DE69B7300341DAC /* ViewController.swift */,
				5136C33A1DE69B7300341DAC /* Main.storyboard */,
				5136C33D1DE69B7300341DAC /* Assets.xcassets */,
				5136C33F1DE69B7300341DAC /* LaunchScreen.storyboard */,
				5136C3421DE69B7300341DAC /* Info.plist */,
			);
			path = LSCompose;
			sourceTree = "<group>";
		};
/* End PBXGroup section */

/* Begin PBXNativeTarget section */
		5136C3321DE69B7300341DAC /* LSCompose */ = {
			isa = PBXNativeTarget;
			buildConfigurationList = 5136C3451DE69B7300341DAC /* Build configuration list for PBXNativeTarget "LSCompose" */;
			buildPhases = (
				5136C32F1DE69B7300341DAC /* Sources */,
				5136C3301DE69B7300341DAC /* Frameworks */,
				5136C3311DE69B7300341DAC /* Resources */,
			);
			buildRules = (
			);
			dependencies = (
			);
			name = LSCompose;
			productName = LSCompose;
			productReference = 5136C3331DE69B7300341DAC /* LSCompose.app */;
			productType = "com.apple.product-type.application";
		};
/* End PBXNativeTarget section */

/* Begin PBXProject section */
		5136C32B1DE69B7300341DAC /* Project object */ = {
			isa = PBXProject;
			attributes = {
				LastSwiftUpdateCheck = 0810;
				LastUpgradeCheck = 0810;
				ORGANIZATIONNAME = lsrain;
				TargetAttributes = {
					5136C3321DE69B7300341DAC = {
						CreatedOnToolsVersion = 8.1;
						ProvisioningStyle = Automatic;
					};
				};
			};
			buildConfigurationList = 5136C32E1DE69B7300341DAC /* Build configuration list for PBXProject "LSCompose" */;
			compatibilityVersion = "Xcode 3.2";
			developmentRegion = English;
			hasScannedForEncodings = 0;
			knownRegions = (
				en,
				Base,
			);
			mainGroup = 5136C32A1DE69B7300341DAC;
			productRefGroup = 5136C3341DE69B7300341DAC /* Products */;
			projectDirPath = "";
			projectRoot = "";
			targets = (
				5136C3321DE69B7300341DAC /* LSCompose */,
			);
		};
/* End PBXProject section */

/* Begin PBXResourcesBuildPhase section */
		5136C3311DE69B7300341DAC /* Resources */ = {
			isa = PBXResourcesBuildPhase;
			buildActionMask = 2147483647;
			files = (
				5136C3411DE69B7300341DAC /* LaunchScreen.storyboard in Resources */,
				5136C33E1DE69B7300341DAC /* Assets.xcassets in Resources */,
				5136C33C1DE69B7300341DAC /* Main.storyboard in Resources */,
			);
			runOnlyForDeploymentPostprocessing = 0;
		};
/* End PBXResourcesBuildPhase section */

/* Begin PBXSourcesBuildPhase section */
		5136C32F1DE69B7300341DAC /* Sources */ = {
			isa = PBXSourcesBuildPhase;
			buildActionMask = 2147483647;
			files = (
				5136C3391DE69B7300341DAC /* ViewController.swift in Sources */,
				5136C3371DE69B7300341DAC /* AppDelegate.swift in Sources */,
			);
			runOnlyForDeploymentPostprocessing = 0;
		};
/* End PBXSourcesBuildPhase section */

/* Begin PBXVariantGroup section */
		5136C33A1DE69B7300341DAC /* Main.storyboard */ = {
			isa = PBXVariantGroup;
			children = (
				5136C33B1DE69B7300341DAC /* Base */,
			);
			name = Main.storyboard;
			sourceTree = "<group>";
		};
		5136C33F1DE69B7300341DAC /* LaunchScreen.storyboard */ = {
			isa = PBXVariantGroup;
			children = (
				5136C3401DE69B7300341DAC /* Base */,
			);
			name = LaunchScreen.storyboard;
			sourceTree = "<group>";
		};
/* End PBXVariantGroup section */

/* Begin XCBuildConfiguration section */
		5136C3431DE69B7300341DAC /* Debug */ = {
			isa = XCBuildConfiguration;
			buildSettings = {
				ALWAYS_SEARCH_USER_PATHS = NO;
				CLANG_ANALYZER_NONNULL = YES;
				CLANG_CXX_LANGUAGE_STANDARD = "gnu++0x";
				CLANG_CXX_LIBRARY = "libc++";
				CLANG_ENABLE_MODULES = YES;
				CLANG_ENABLE_OBJC_ARC = YES;
				CLANG_WARN_BOOL_CONVERSION = YES;
				CLANG_WARN_CONSTANT_CONVERSION = YES;
				CLANG_WARN_DIRECT_OBJC_ISA_USAGE = YES_ERROR;
				CLANG_WARN_DOCUMENTATION_COMMENTS = YES;
				CLANG_WARN_EMPTY_BODY = YES;
				CLANG_WARN_ENUM_CONVERSION = YES;
				CLANG_WARN_INFINITE_RECURSION = YES;
				CLANG_WARN_INT_CONVERSION = YES;
				CLANG_WARN_OBJC_ROOT_CLASS = YES_ERROR;
				CLANG_WARN_SUSPICIOUS_MOVES = YES;
				CLANG_WARN_UNREACHABLE_CODE = YES;
				CLANG_WARN__DUPLICATE_METHOD_MATCH = YES;
				"CODE_SIGN_IDENTITY[sdk=iphoneos*]" = "iPhone Developer";
				COPY_PHASE_STRIP = NO;
				DEBUG_INFORMATION_FORMAT = dwarf;
				ENABLE_STRICT_OBJC_MSGSEND = YES;
				ENABLE_TESTABILITY = YES;
				GCC_C_LANGUAGE_STANDARD = gnu99;
				GCC_DYNAMIC_NO_PIC = NO;
				GCC_NO_COMMON_BLOCKS = YES;
				GCC_OPTIMIZATION_LEVEL = 0;
				GCC_PREPROCESSOR_DEFINITIONS = (
					"DEBUG=1",
					"$(inherited)",
				);
				GCC_WARN_64_TO_32_BIT_CONVERSION = YES;
				GCC_WARN_ABOUT_RETURN_TYPE = YES_ERROR;
				GCC_WARN_UNDECLARED_SELECTOR = YES;
				GCC_WARN_UNINITIALIZED_AUTOS = YES_AGGRESSIVE;
				GCC_WARN_UNUSED_FUNCTION = YES;
				GCC_WARN_UNUSED_VARIABLE = YES;
				IPHONEOS_DEPLOYMENT_TARGET = 10.1;
				MTL_ENABLE_DEBUG_INFO = YES;
				ONLY_ACTIVE_ARCH = YES;
				SDKROOT = iphoneos;
				SWIFT_ACTIVE_COMPILATION_CONDITIONS = DEBUG;
				SWIFT_OPTIMIZATION_LEVEL = "-Onone";
				TARGETED_DEVICE_FAMILY = "1,2";
			};
			name = Debug;
		};
		5136C3441DE69B7300341DAC /* Release */ = {
			isa = XCBuildConfiguration;
			buildSettings = {
				ALWAYS_SEARCH_USER_PATHS = NO;
				CLANG_ANALYZER_NONNULL = YES;
				CLANG_CXX_LANGUAGE_STANDARD = "gnu++0x";
				CLANG_CXX_LIBRARY = "libc++";
				CLANG_ENABLE_MODULES = YES;
				CLANG_ENABLE_OBJC_ARC = YES;
				CLANG_WARN_BOOL_CONVERSION = YES;
				CLANG_WARN_CONSTANT_CONVERSION = YES;
				CLANG_WARN_DIRECT_OBJC_ISA_USAGE = YES_ERROR;
				CLANG_WARN_DOCUMENTATION_COMMENTS = YES;
				CLANG_WARN_EMPTY_BODY = YES;
				CLANG_WARN_ENUM_CONVERSION = YES;
				CLANG_WARN_INFINITE_RECURSION = YES;
				CLANG_WARN_INT_CONVERSION = YES;
				CLANG_WARN_OBJC_ROOT_CLASS = YES_ERROR;
				CLANG_WARN_SUSPICIOUS_MOVES = YES;
				CLANG_WARN_UNREACHABLE_CODE = YES;
				CLANG_WARN__DUPLICATE_METHOD_MATCH = YES;
				"CODE_SIGN_IDENTITY[sdk=iphoneos*]" = "iPhone Developer";
				COPY_PHASE_STRIP = NO;
				DEBUG_INFORMATION_FORMAT = "dwarf-with-dsym";
				ENABLE_NS_ASSERTIONS = NO;
				ENABLE_STRICT_OBJC_MSGSEND = YES;
				GCC_C_LANGUAGE_STANDARD = gnu99;
				GCC_NO_COMMON_BLOCKS = YES;
				GCC_WARN_64_TO_32_BIT_CONVERSION = YES;
				GCC_WARN_ABOUT_RETURN_TYPE = YES_ERROR;
				GCC_WARN_UNDECLARED_SELECTOR = YES;
				GCC_WARN_UNINITIALIZED_AUTOS = YES_AGGRESSIVE;
				GCC_WARN_UNUSED_FUNCTION = YES;
				GCC_WARN_UNUSED_VARIABLE = YES;
				IPHONEOS_DEPLOYMENT_TARGET = 10.1;
				MTL_ENABLE_DEBUG_INFO = NO;
				SDKROOT = iphoneos;
				SWIFT_OPTIMIZATION_LEVEL = "-Owholemodule";
				TARGETED_DEVICE_FAMILY = "1,2";
				VALIDATE_PRODUCT = YES;
			};
			name = Release;
		};
		5136C3461DE69B7300341DAC /* Debug */ = {
			isa = XCBuildConfiguration;
			buildSettings = {
				ASSETCATALOG_COMPILER_APPICON_NAME = AppIcon;
				INFOPLIST_FILE = LSCompose/Info.plist;
				LD_RUNPATH_SEARCH_PATHS = "$(inherited) @executable_path/Frameworks";
				PRODUCT_BUNDLE_IDENTIFIER = com.lsrain.LSCompose;
				PRODUCT_NAME = "$(TARGET_NAME)";
				SWIFT_VERSION = 3.0;
			};
			name = Debug;
		};
		5136C3471DE69B7300341DAC /* Release */ = {
			isa = XCBuildConfiguration;
			buildSettings = {
				ASSETCATALOG_COMPILER_APPICON_NAME = AppIcon;
				INFOPLIST_FILE = LSCompose/Info.plist;
				LD_RUNPATH_SEARCH_PATHS = "$(inherited) @executable_path/Frameworks";
				PRODUCT_BUNDLE_IDENTIFIER = com.lsrain.LSCompose;
				PRODUCT_NAME = "$(TARGET_NAME)";
				SWIFT_VERSION = 3.0;
			};
			name = Release;
		};
/* End XCBuildConfiguration section */

/* Begin XCConfigurationList section */
		5136C32E1DE69B7300341DAC /* Build configuration list for PBXProject "LSCompose" */ = {
			isa = XCConfigurationList;
			buildConfigurations = (
				5136C3431DE69B7300341DAC /* Debug */,
				5136C3441DE69B7300341DAC /* Release */,
			);
			defaultConfigurationIsVisible = 0;
			defaultConfigurationName = Release;
		};
		5136C3451DE69B7300341DAC /* Build configuration list for PBXNativeTarget "LSCompose" */ = {
			isa = XCConfigurationList;
			buildConfigurations = (
				5136C3461DE69B7300341DAC /* Debug */,
				5136C3471DE69B7300341DAC /* Release */,
			);
			defaultConfigurationIsVisible = 0;
		};
/* End XCConfigurationList section */
	};
	rootObject = 5136C32B1DE69B7300341DAC /* Project object */;
}
